{
  "lockfileVersion": 1,
  "dependencies": {
    "bredon": {
      "version": "2.0.0",
      "resolved": "https://registry.npmjs.org/bredon/-/bredon-2.0.0.tgz",
      "integrity": "sha512-PmGe4x0YaBOqZkXwctU/hHB8yygSkrMeAt6ZRym0z+5/LGIpFMofGV9M7YPQ18hY5CGVzh6X6EQZ7T9o9Ie5jQ=="
    },
    "bredon-types": {
      "version": "2.0.2",
      "resolved": "https://registry.npmjs.org/bredon-types/-/bredon-types-2.0.2.tgz",
      "integrity": "sha512-z+ttGPK7/fJmhQF30hkqlyZZoJ6vbA22V3ubGJEvMahOFeJYHfaB412P56n/snKaxH26hzenirdrVvX1qbJlmQ=="
    },
    "tokenize-sync": {
      "version": "1.0.0",
      "resolved": "https://registry.npmjs.org/tokenize-sync/-/tokenize-sync-1.0.0.tgz",
      "integrity": "sha512-gTvhPNP+AynrvTj4YZ3hhWimLMbij+CpIGhZae7B225hWA87wEukhp+zW1sZzJbBRI41V55qu6BjthSjvXkZPw=="
    }
  }
}
