# THIS IS AN AUTOGENERATED FILE. DO NOT EDIT THIS FILE DIRECTLY.
# yarn lockfile v1


bredon-tools@^3.0.0:
  version "3.0.0"
  resolved "https://registry.yarnpkg.com/bredon-tools/-/bredon-tools-3.0.0.tgz#a22501b19cc144b62c7b6377bdbc49e5cc849c87"
  dependencies:
    bredon "^3.0.0"
    bredon-types "^3.0.0"

bredon-types@^3.0.0:
  version "3.0.0"
  resolved "https://registry.yarnpkg.com/bredon-types/-/bredon-types-3.0.0.tgz#1d49122f12df2c2868ba3065e27eede76b5af93e"

bredon@^3.0.0:
  version "3.0.0"
  resolved "https://registry.yarnpkg.com/bredon/-/bredon-3.0.0.tgz#300df4374587f0fe0d633b63e31590727f12bc7a"
  dependencies:
    bredon-types "^3.0.0"
    tokenize-sync "^1.0.0"

css-in-js-utils@^2.0.0:
  version "2.0.0"
  resolved "https://registry.yarnpkg.com/css-in-js-utils/-/css-in-js-utils-2.0.0.tgz#5af1dd70f4b06b331f48d22a3d86e0786c0b9435"
  dependencies:
    hyphenate-style-name "^1.0.2"

elodin@^0.1.0:
  version "0.1.0"
  resolved "https://registry.yarnpkg.com/elodin/-/elodin-0.1.0.tgz#56f8e712d997c01e05e753d0d57f0851720d54bd"

hyphenate-style-name@^1.0.2:
  version "1.0.2"
  resolved "https://registry.yarnpkg.com/hyphenate-style-name/-/hyphenate-style-name-1.0.2.tgz#31160a36930adaf1fc04c6074f7eb41465d4ec4b"

tokenize-sync@^1.0.0:
  version "1.0.0"
  resolved "https://registry.yarnpkg.com/tokenize-sync/-/tokenize-sync-1.0.0.tgz#65b5b72bb208b013166e4d253e0b8b4990c70e83"
