# THIS IS AN AUTOGENERATED FILE. DO NOT EDIT THIS FILE DIRECTLY.
# yarn lockfile v1


browserslist@^2.0.0:
  version "2.4.0"
  resolved "https://registry.yarnpkg.com/browserslist/-/browserslist-2.4.0.tgz#693ee93d01e66468a6348da5498e011f578f87f8"
  dependencies:
    caniuse-lite "^1.0.30000718"
    electron-to-chromium "^1.3.18"

caniuse-api@^2.0.0:
  version "2.0.0"
  resolved "https://registry.yarnpkg.com/caniuse-api/-/caniuse-api-2.0.0.tgz#b1ddb5a5966b16f48dc4998444d4bbc6c7d9d834"
  dependencies:
    browserslist "^2.0.0"
    caniuse-lite "^1.0.0"
    lodash.memoize "^4.1.2"
    lodash.uniq "^4.5.0"

caniuse-lite@^1.0.0, caniuse-lite@^1.0.30000718:
  version "1.0.30000718"
  resolved "https://registry.yarnpkg.com/caniuse-lite/-/caniuse-lite-1.0.30000718.tgz#0dd24290beb11310b2d80f6b70a823c2a65a6fad"

electron-to-chromium@^1.3.18:
  version "1.3.18"
  resolved "https://registry.yarnpkg.com/electron-to-chromium/-/electron-to-chromium-1.3.18.tgz#3dcc99da3e6b665f6abbc71c28ad51a2cd731a9c"

lodash.memoize@^4.1.2:
  version "4.1.2"
  resolved "https://registry.yarnpkg.com/lodash.memoize/-/lodash.memoize-4.1.2.tgz#bcc6c49a42a2840ed997f323eada5ecd182e0bfe"

lodash.uniq@^4.5.0:
  version "4.5.0"
  resolved "https://registry.yarnpkg.com/lodash.uniq/-/lodash.uniq-4.5.0.tgz#d0225373aeb652adc1bc82e4945339a842754773"
