{
  "requires": true,
  "lockfileVersion": 1,
  "dependencies": {
    "bredon": {
      "version": "2.0.2",
      "resolved": "https://registry.npmjs.org/bredon/-/bredon-2.0.2.tgz",
      "integrity": "sha512-bEfhV/PdJ6uvGODjWbypOjj1nNqjCTpRnAwL6a4cx/QNpWWJPSfyiDa7Lb/RJElSL4E8bcORquKyN/AlBNtn8g==",
      "requires": {
        "bredon-types": "2.0.4",
        "tokenize-sync": "1.0.0"
      }
    },
    "bredon-types": {
      "version": "2.0.4",
      "resolved": "https://registry.npmjs.org/bredon-types/-/bredon-types-2.0.4.tgz",
      "integrity": "sha512-vHAncjeCrTYnsJnN++TIZBV0ZJ3l9iWHxJ2CsHub8BX4sjtKvZQHKWDPg82XSb2hmJQRdylqQ/B/OvL6cswq5Q=="
    },
    "css-in-js-utils": {
      "version": "1.0.3",
      "resolved": "https://artifactory.dm-drogeriemarkt.com:443/api/npm/repo-mcr/css-in-js-utils/-/css-in-js-utils-1.0.3.tgz",
      "integrity": "sha1-msfgL3Y8+F2UAXZmVl7WiltfMhU=",
      "requires": {
        "hyphenate-style-name": "1.0.2"
      }
    },
    "hyphenate-style-name": {
      "version": "1.0.2",
      "resolved": "https://artifactory.dm-drogeriemarkt.com:443/api/npm/repo-mcr/hyphenate-style-name/-/hyphenate-style-name-1.0.2.tgz",
      "integrity": "sha1-MRYKNpMK2vH8BMYHT360FGXU7Es="
    },
    "tokenize-sync": {
      "version": "1.0.0",
      "resolved": "https://registry.npmjs.org/tokenize-sync/-/tokenize-sync-1.0.0.tgz",
      "integrity": "sha512-gTvhPNP+AynrvTj4YZ3hhWimLMbij+CpIGhZae7B225hWA87wEukhp+zW1sZzJbBRI41V55qu6BjthSjvXkZPw=="
    }
  }
}
