{
  "lockfileVersion": 1,
  "dependencies": {
    "bredon": {
      "version": "2.0.0",
      "resolved": "https://registry.npmjs.org/bredon/-/bredon-2.0.0.tgz",
      "integrity": "sha512-PmGe4x0YaBOqZkXwctU/hHB8yygSkrMeAt6ZRym0z+5/LGIpFMofGV9M7YPQ18hY5CGVzh6X6EQZ7T9o9Ie5jQ==",
      "requires": {
        "tokenize-sync": "1.0.0"
      }
    },
    "bredon-types": {
      "version": "2.0.1",
      "resolved": "https://registry.npmjs.org/bredon-types/-/bredon-types-2.0.1.tgz",
      "integrity": "sha512-8J5Etc27AlzqZJY2mDK8HZePzDuuj3xXntZsLMAIDb4MdyNlcJL/jMkp3Q/oTq0r2OB/Lp6ZM0Lt9BG023efzA=="
    },
    "tokenize-sync": {
      "version": "1.0.0",
      "resolved": "https://registry.npmjs.org/tokenize-sync/-/tokenize-sync-1.0.0.tgz",
      "integrity": "sha512-gTvhPNP+AynrvTj4YZ3hhWimLMbij+CpIGhZae7B225hWA87wEukhp+zW1sZzJbBRI41V55qu6BjthSjvXkZPw=="
    }
  }
}
