# THIS IS AN AUTOGENERATED FILE. DO NOT EDIT THIS FILE DIRECTLY.
# yarn lockfile v1


bredon-types@^2.0.0:
  version "2.0.0"
  resolved "https://registry.yarnpkg.com/bredon-types/-/bredon-types-2.0.0.tgz#c8b16179730f2694ae6d26a92b23d47783b859af"

bredon@^2.0.0:
  version "2.0.0"
  resolved "https://registry.yarnpkg.com/bredon/-/bredon-2.0.0.tgz#1206fea5d87c5fc451d9963b6dc68a9c9b746446"
  dependencies:
    tokenize-sync "^1.0.0"

tokenize-sync@^1.0.0:
  version "1.0.0"
  resolved "https://registry.yarnpkg.com/tokenize-sync/-/tokenize-sync-1.0.0.tgz#65b5b72bb208b013166e4d253e0b8b4990c70e83"
